// !$*UTF8*$!
{
	archiveVersion = 1;
	classes = {
	};
	objectVersion = 46;
	objects = {

/* Begin PBXBuildFile section */
		DE1F94601BDFF58D00A0974E /* AppDelegate.swift in Sources */ = {isa = PBXBuildFile; fileRef = DE1F945F1BDFF58D00A0974E /* AppDelegate.swift */; };
		DE1F94621BDFF58D00A0974E /* ViewController.swift in Sources */ = {isa = PBXBuildFile; fileRef = DE1F94611BDFF58D00A0974E /* ViewController.swift */; };
		DE1F94651BDFF58D00A0974E /* Main.storyboard in Resources */ = {isa = PBXBuildFile; fileRef = DE1F94631BDFF58D00A0974E /* Main.storyboard */; };
		DE1F94671BDFF58D00A0974E /* Assets.xcassets in Resources */ = {isa = PBXBuildFile; fileRef = DE1F94661BDFF58D00A0974E /* Assets.xcassets */; };
		DE1F946A1BDFF58D00A0974E /* LaunchScreen.storyboard in Resources */ = {isa = PBXBuildFile; fileRef = DE1F94681BDFF58D00A0974E /* LaunchScreen.storyboard */; };
		DE1F94751BDFF58D00A0974E /* EDGE_AppTests.swift in Sources */ = {isa = PBXBuildFile; fileRef = DE1F94741BDFF58D00A0974E /* EDGE_AppTests.swift */; };
		DE1F94801BDFF58D00A0974E /* EDGE_AppUITests.swift in Sources */ = {isa = PBXBuildFile; fileRef = DE1F947F1BDFF58D00A0974E /* EDGE_AppUITests.swift */; };
		DE31C0AF1BF120B900FA8AAE /* academic.png in Resources */ = {isa = PBXBuildFile; fileRef = DE31C0AC1BF120B900FA8AAE /* academic.png */; };
		DE31C0B01BF120B900FA8AAE /* social.png in Resources */ = {isa = PBXBuildFile; fileRef = DE31C0AD1BF120B900FA8AAE /* social.png */; };
		DE31C0B11BF120B900FA8AAE /* wellness.png in Resources */ = {isa = PBXBuildFile; fileRef = DE31C0AE1BF120B900FA8AAE /* wellness.png */; };
		DE31C0B31BF1256800FA8AAE /* EDGE Splash.storyboard in Resources */ = {isa = PBXBuildFile; fileRef = DE31C0B21BF1256800FA8AAE /* EDGE Splash.storyboard */; };
		DE31C0B51BF1263300FA8AAE /* logo.png in Resources */ = {isa = PBXBuildFile; fileRef = DE31C0B41BF1263300FA8AAE /* logo.png */; };
		DE52C7791BE7CBBE002ACCD8 /* Entry.swift in Sources */ = {isa = PBXBuildFile; fileRef = DE52C7781BE7CBBE002ACCD8 /* Entry.swift */; };
/* End PBXBuildFile section */

/* Begin PBXContainerItemProxy section */
		DE1F94711BDFF58D00A0974E /* PBXContainerItemProxy */ = {
			isa = PBXContainerItemProxy;
			containerPortal = DE1F94541BDFF58D00A0974E /* Project object */;
			proxyType = 1;
			remoteGlobalIDString = DE1F945B1BDFF58D00A0974E;
			remoteInfo = "EDGE App";
		};
		DE1F947C1BDFF58D00A0974E /* PBXContainerItemProxy */ = {
			isa = PBXContainerItemProxy;
			containerPortal = DE1F94541BDFF58D00A0974E /* Project object */;
			proxyType = 1;
			remoteGlobalIDString = DE1F945B1BDFF58D00A0974E;
			remoteInfo = "EDGE App";
		};
/* End PBXContainerItemProxy section */

/* Begin PBXFileReference section */
		DE1F945C1BDFF58D00A0974E /* EDGE App.app */ = {isa = PBXFileReference; explicitFileType = wrapper.application; includeInIndex = 0; path = "EDGE App.app"; sourceTree = BUILT_PRODUCTS_DIR; };
		DE1F945F1BDFF58D00A0974E /* AppDelegate.swift */ = {isa = PBXFileReference; lastKnownFileType = sourcecode.swift; path = AppDelegate.swift; sourceTree = "<group>"; };
		DE1F94611BDFF58D00A0974E /* ViewController.swift */ = {isa = PBXFileReference; lastKnownFileType = sourcecode.swift; path = ViewController.swift; sourceTree = "<group>"; };
		DE1F94641BDFF58D00A0974E /* Base */ = {isa = PBXFileReference; lastKnownFileType = file.storyboard; name = Base; path = Base.lproj/Main.storyboard; sourceTree = "<group>"; };
		DE1F94661BDFF58D00A0974E /* Assets.xcassets */ = {isa = PBXFileReference; lastKnownFileType = folder.assetcatalog; path = Assets.xcassets; sourceTree = "<group>"; };
		DE1F94691BDFF58D00A0974E /* Base */ = {isa = PBXFileReference; lastKnownFileType = file.storyboard; name = Base; path = Base.lproj/LaunchScreen.storyboard; sourceTree = "<group>"; };
		DE1F946B1BDFF58D00A0974E /* Info.plist */ = {isa = PBXFileReference; lastKnownFileType = text.plist.xml; path = Info.plist; sourceTree = "<group>"; };
		DE1F94701BDFF58D00A0974E /* EDGE AppTests.xctest */ = {isa = PBXFileReference; explicitFileType = wrapper.cfbundle; includeInIndex = 0; path = "EDGE AppTests.xctest"; sourceTree = BUILT_PRODUCTS_DIR; };
		DE1F94741BDFF58D00A0974E /* EDGE_AppTests.swift */ = {isa = PBXFileReference; lastKnownFileType = sourcecode.swift; path = EDGE_AppTests.swift; sourceTree = "<group>"; };
		DE1F94761BDFF58D00A0974E /* Info.plist */ = {isa = PBXFileReference; lastKnownFileType = text.plist.xml; path = Info.plist; sourceTree = "<group>"; };
		DE1F947B1BDFF58D00A0974E /* EDGE AppUITests.xctest */ = {isa = PBXFileReference; explicitFileType = wrapper.cfbundle; includeInIndex = 0; path = "EDGE AppUITests.xctest"; sourceTree = BUILT_PRODUCTS_DIR; };
		DE1F947F1BDFF58D00A0974E /* EDGE_AppUITests.swift */ = {isa = PBXFileReference; lastKnownFileType = sourcecode.swift; path = EDGE_AppUITests.swift; sourceTree = "<group>"; };
		DE1F94811BDFF58D00A0974E /* Info.plist */ = {isa = PBXFileReference; lastKnownFileType = text.plist.xml; path = Info.plist; sourceTree = "<group>"; };
		DE31C0AC1BF120B900FA8AAE /* academic.png */ = {isa = PBXFileReference; lastKnownFileType = image.png; path = academic.png; sourceTree = "<group>"; };
		DE31C0AD1BF120B900FA8AAE /* social.png */ = {isa = PBXFileReference; lastKnownFileType = image.png; path = social.png; sourceTree = "<group>"; };
		DE31C0AE1BF120B900FA8AAE /* wellness.png */ = {isa = PBXFileReference; lastKnownFileType = image.png; path = wellness.png; sourceTree = "<group>"; };
		DE31C0B21BF1256800FA8AAE /* EDGE Splash.storyboard */ = {isa = PBXFileReference; fileEncoding = 4; lastKnownFileType = file.storyboard; path = "EDGE Splash.storyboard"; sourceTree = "<group>"; };
		DE31C0B41BF1263300FA8AAE /* logo.png */ = {isa = PBXFileReference; lastKnownFileType = image.png; path = logo.png; sourceTree = "<group>"; };
		DE52C7781BE7CBBE002ACCD8 /* Entry.swift */ = {isa = PBXFileReference; fileEncoding = 4; lastKnownFileType = sourcecode.swift; path = Entry.swift; sourceTree = "<group>"; };
/* End PBXFileReference section */

/* Begin PBXFrameworksBuildPhase section */
		DE1F94591BDFF58D00A0974E /* Frameworks */ = {
			isa = PBXFrameworksBuildPhase;
			buildActionMask = 2147483647;
			files = (
			);
			runOnlyForDeploymentPostprocessing = 0;
		};
		DE1F946D1BDFF58D00A0974E /* Frameworks */ = {
			isa = PBXFrameworksBuildPhase;
			buildActionMask = 2147483647;
			files = (
			);
			runOnlyForDeploymentPostprocessing = 0;
		};
		DE1F94781BDFF58D00A0974E /* Frameworks */ = {
			isa = PBXFrameworksBuildPhase;
			buildActionMask = 2147483647;
			files = (
			);
			runOnlyForDeploymentPostprocessing = 0;
		};
/* End PBXFrameworksBuildPhase section */

/* Begin PBXGroup section */
		DE1F94531BDFF58D00A0974E = {
			isa = PBXGroup;
			children = (
				DE31C0B21BF1256800FA8AAE /* EDGE Splash.storyboard */,
				DE31C0B41BF1263300FA8AAE /* logo.png */,
				DE1F945E1BDFF58D00A0974E /* EDGE App */,
				DE1F94731BDFF58D00A0974E /* EDGE AppTests */,
				DE1F947E1BDFF58D00A0974E /* EDGE AppUITests */,
				DE1F945D1BDFF58D00A0974E /* Products */,
			);
			sourceTree = "<group>";
		};
		DE1F945D1BDFF58D00A0974E /* Products */ = {
			isa = PBXGroup;
			children = (
				DE1F945C1BDFF58D00A0974E /* EDGE App.app */,
				DE1F94701BDFF58D00A0974E /* EDGE AppTests.xctest */,
				DE1F947B1BDFF58D00A0974E /* EDGE AppUITests.xctest */,
			);
			name = Products;
			sourceTree = "<group>";
		};
		DE1F945E1BDFF58D00A0974E /* EDGE App */ = {
			isa = PBXGroup;
			children = (
				DE1F945F1BDFF58D00A0974E /* AppDelegate.swift */,
				DE1F94611BDFF58D00A0974E /* ViewController.swift */,
				DE1F94631BDFF58D00A0974E /* Main.storyboard */,
				DE31C0AC1BF120B900FA8AAE /* academic.png */,
				DE31C0AD1BF120B900FA8AAE /* social.png */,
				DE31C0AE1BF120B900FA8AAE /* wellness.png */,
				DE1F94661BDFF58D00A0974E /* Assets.xcassets */,
				DE1F94681BDFF58D00A0974E /* LaunchScreen.storyboard */,
				DE1F946B1BDFF58D00A0974E /* Info.plist */,
				DE52C7781BE7CBBE002ACCD8 /* Entry.swift */,
			);
			path = "EDGE App";
			sourceTree = "<group>";
		};
		DE1F94731BDFF58D00A0974E /* EDGE AppTests */ = {
			isa = PBXGroup;
			children = (
				DE1F94741BDFF58D00A0974E /* EDGE_AppTests.swift */,
				DE1F94761BDFF58D00A0974E /* Info.plist */,
			);
			path = "EDGE AppTests";
			sourceTree = "<group>";
		};
		DE1F947E1BDFF58D00A0974E /* EDGE AppUITests */ = {
			isa = PBXGroup;
			children = (
				DE1F947F1BDFF58D00A0974E /* EDGE_AppUITests.swift */,
				DE1F94811BDFF58D00A0974E /* Info.plist */,
			);
			path = "EDGE AppUITests";
			sourceTree = "<group>";
		};
/* End PBXGroup section */

/* Begin PBXNativeTarget section */
		DE1F945B1BDFF58D00A0974E /* EDGE App */ = {
			isa = PBXNativeTarget;
			buildConfigurationList = DE1F94841BDFF58D00A0974E /* Build configuration list for PBXNativeTarget "EDGE App" */;
			buildPhases = (
				DE1F94581BDFF58D00A0974E /* Sources */,
				DE1F94591BDFF58D00A0974E /* Frameworks */,
				DE1F945A1BDFF58D00A0974E /* Resources */,
			);
			buildRules = (
			);
			dependencies = (
			);
			name = "EDGE App";
			productName = "EDGE App";
			productReference = DE1F945C1BDFF58D00A0974E /* EDGE App.app */;
			productType = "com.apple.product-type.application";
		};
		DE1F946F1BDFF58D00A0974E /* EDGE AppTests */ = {
			isa = PBXNativeTarget;
			buildConfigurationList = DE1F94871BDFF58D00A0974E /* Build configuration list for PBXNativeTarget "EDGE AppTests" */;
			buildPhases = (
				DE1F946C1BDFF58D00A0974E /* Sources */,
				DE1F946D1BDFF58D00A0974E /* Frameworks */,
				DE1F946E1BDFF58D00A0974E /* Resources */,
			);
			buildRules = (
			);
			dependencies = (
				DE1F94721BDFF58D00A0974E /* PBXTargetDependency */,
			);
			name = "EDGE AppTests";
			productName = "EDGE AppTests";
			productReference = DE1F94701BDFF58D00A0974E /* EDGE AppTests.xctest */;
			productType = "com.apple.product-type.bundle.unit-test";
		};
		DE1F947A1BDFF58D00A0974E /* EDGE AppUITests */ = {
			isa = PBXNativeTarget;
			buildConfigurationList = DE1F948A1BDFF58D00A0974E /* Build configuration list for PBXNativeTarget "EDGE AppUITests" */;
			buildPhases = (
				DE1F94771BDFF58D00A0974E /* Sources */,
				DE1F94781BDFF58D00A0974E /* Frameworks */,
				DE1F94791BDFF58D00A0974E /* Resources */,
			);
			buildRules = (
			);
			dependencies = (
				DE1F947D1BDFF58D00A0974E /* PBXTargetDependency */,
			);
			name = "EDGE AppUITests";
			productName = "EDGE AppUITests";
			productReference = DE1F947B1BDFF58D00A0974E /* EDGE AppUITests.xctest */;
			productType = "com.apple.product-type.bundle.ui-testing";
		};
/* End PBXNativeTarget section */

/* Begin PBXProject section */
		DE1F94541BDFF58D00A0974E /* Project object */ = {
			isa = PBXProject;
			attributes = {
				LastUpgradeCheck = 0700;
				ORGANIZATIONNAME = "EDGE IQP Team";
				TargetAttributes = {
					DE1F945B1BDFF58D00A0974E = {
						CreatedOnToolsVersion = 7.0.1;
					};
					DE1F946F1BDFF58D00A0974E = {
						CreatedOnToolsVersion = 7.0.1;
						TestTargetID = DE1F945B1BDFF58D00A0974E;
					};
					DE1F947A1BDFF58D00A0974E = {
						CreatedOnToolsVersion = 7.0.1;
						TestTargetID = DE1F945B1BDFF58D00A0974E;
					};
				};
			};
			buildConfigurationList = DE1F94571BDFF58D00A0974E /* Build configuration list for PBXProject "EDGE App" */;
			compatibilityVersion = "Xcode 3.2";
			developmentRegion = English;
			hasScannedForEncodings = 0;
			knownRegions = (
				en,
				Base,
			);
			mainGroup = DE1F94531BDFF58D00A0974E;
			productRefGroup = DE1F945D1BDFF58D00A0974E /* Products */;
			projectDirPath = "";
			projectRoot = "";
			targets = (
				DE1F945B1BDFF58D00A0974E /* EDGE App */,
				DE1F946F1BDFF58D00A0974E /* EDGE AppTests */,
				DE1F947A1BDFF58D00A0974E /* EDGE AppUITests */,
			);
		};
/* End PBXProject section */

/* Begin PBXResourcesBuildPhase section */
		DE1F945A1BDFF58D00A0974E /* Resources */ = {
			isa = PBXResourcesBuildPhase;
			buildActionMask = 2147483647;
			files = (
				DE31C0B01BF120B900FA8AAE /* social.png in Resources */,
				DE1F946A1BDFF58D00A0974E /* LaunchScreen.storyboard in Resources */,
				DE31C0AF1BF120B900FA8AAE /* academic.png in Resources */,
				DE31C0B11BF120B900FA8AAE /* wellness.png in Resources */,
				DE31C0B51BF1263300FA8AAE /* logo.png in Resources */,
				DE1F94671BDFF58D00A0974E /* Assets.xcassets in Resources */,
				DE1F94651BDFF58D00A0974E /* Main.storyboard in Resources */,
				DE31C0B31BF1256800FA8AAE /* EDGE Splash.storyboard in Resources */,
			);
			runOnlyForDeploymentPostprocessing = 0;
		};
		DE1F946E1BDFF58D00A0974E /* Resources */ = {
			isa = PBXResourcesBuildPhase;
			buildActionMask = 2147483647;
			files = (
			);
			runOnlyForDeploymentPostprocessing = 0;
		};
		DE1F94791BDFF58D00A0974E /* Resources */ = {
			isa = PBXResourcesBuildPhase;
			buildActionMask = 2147483647;
			files = (
			);
			runOnlyForDeploymentPostprocessing = 0;
		};
/* End PBXResourcesBuildPhase section */

/* Begin PBXSourcesBuildPhase section */
		DE1F94581BDFF58D00A0974E /* Sources */ = {
			isa = PBXSourcesBuildPhase;
			buildActionMask = 2147483647;
			files = (
				DE52C7791BE7CBBE002ACCD8 /* Entry.swift in Sources */,
				DE1F94621BDFF58D00A0974E /* ViewController.swift in Sources */,
				DE1F94601BDFF58D00A0974E /* AppDelegate.swift in Sources */,
			);
			runOnlyForDeploymentPostprocessing = 0;
		};
		DE1F946C1BDFF58D00A0974E /* Sources */ = {
			isa = PBXSourcesBuildPhase;
			buildActionMask = 2147483647;
			files = (
				DE1F94751BDFF58D00A0974E /* EDGE_AppTests.swift in Sources */,
			);
			runOnlyForDeploymentPostprocessing = 0;
		};
		DE1F94771BDFF58D00A0974E /* Sources */ = {
			isa = PBXSourcesBuildPhase;
			buildActionMask = 2147483647;
			files = (
				DE1F94801BDFF58D00A0974E /* EDGE_AppUITests.swift in Sources */,
			);
			runOnlyForDeploymentPostprocessing = 0;
		};
/* End PBXSourcesBuildPhase section */

/* Begin PBXTargetDependency section */
		DE1F94721BDFF58D00A0974E /* PBXTargetDependency */ = {
			isa = PBXTargetDependency;
			target = DE1F945B1BDFF58D00A0974E /* EDGE App */;
			targetProxy = DE1F94711BDFF58D00A0974E /* PBXContainerItemProxy */;
		};
		DE1F947D1BDFF58D00A0974E /* PBXTargetDependency */ = {
			isa = PBXTargetDependency;
			target = DE1F945B1BDFF58D00A0974E /* EDGE App */;
			targetProxy = DE1F947C1BDFF58D00A0974E /* PBXContainerItemProxy */;
		};
/* End PBXTargetDependency section */

/* Begin PBXVariantGroup section */
		DE1F94631BDFF58D00A0974E /* Main.storyboard */ = {
			isa = PBXVariantGroup;
			children = (
				DE1F94641BDFF58D00A0974E /* Base */,
			);
			name = Main.storyboard;
			sourceTree = "<group>";
		};
		DE1F94681BDFF58D00A0974E /* LaunchScreen.storyboard */ = {
			isa = PBXVariantGroup;
			children = (
				DE1F94691BDFF58D00A0974E /* Base */,
			);
			name = LaunchScreen.storyboard;
			sourceTree = "<group>";
		};
/* End PBXVariantGroup section */

/* Begin XCBuildConfiguration section */
		DE1F94821BDFF58D00A0974E /* Debug */ = {
			isa = XCBuildConfiguration;
			buildSettings = {
				ALWAYS_SEARCH_USER_PATHS = NO;
				CLANG_CXX_LANGUAGE_STANDARD = "gnu++0x";
				CLANG_CXX_LIBRARY = "libc++";
				CLANG_ENABLE_MODULES = YES;
				CLANG_ENABLE_OBJC_ARC = YES;
				CLANG_WARN_BOOL_CONVERSION = YES;
				CLANG_WARN_CONSTANT_CONVERSION = YES;
				CLANG_WARN_DIRECT_OBJC_ISA_USAGE = YES_ERROR;
				CLANG_WARN_EMPTY_BODY = YES;
				CLANG_WARN_ENUM_CONVERSION = YES;
				CLANG_WARN_INT_CONVERSION = YES;
				CLANG_WARN_OBJC_ROOT_CLASS = YES_ERROR;
				CLANG_WARN_UNREACHABLE_CODE = YES;
				CLANG_WARN__DUPLICATE_METHOD_MATCH = YES;
				"CODE_SIGN_IDENTITY[sdk=iphoneos*]" = "iPhone Developer";
				COPY_PHASE_STRIP = NO;
				DEBUG_INFORMATION_FORMAT = dwarf;
				ENABLE_STRICT_OBJC_MSGSEND = YES;
				ENABLE_TESTABILITY = YES;
				GCC_C_LANGUAGE_STANDARD = gnu99;
				GCC_DYNAMIC_NO_PIC = NO;
				GCC_NO_COMMON_BLOCKS = YES;
				GCC_OPTIMIZATION_LEVEL = 0;
				GCC_PREPROCESSOR_DEFINITIONS = (
					"DEBUG=1",
					"$(inherited)",
				);
				GCC_WARN_64_TO_32_BIT_CONVERSION = YES;
				GCC_WARN_ABOUT_RETURN_TYPE = YES_ERROR;
				GCC_WARN_UNDECLARED_SELECTOR = YES;
				GCC_WARN_UNINITIALIZED_AUTOS = YES_AGGRESSIVE;
				GCC_WARN_UNUSED_FUNCTION = YES;
				GCC_WARN_UNUSED_VARIABLE = YES;
				IPHONEOS_DEPLOYMENT_TARGET = 9.0;
				MTL_ENABLE_DEBUG_INFO = YES;
				ONLY_ACTIVE_ARCH = YES;
				SDKROOT = iphoneos;
				SWIFT_OPTIMIZATION_LEVEL = "-Onone";
				TARGETED_DEVICE_FAMILY = "1,2";
			};
			name = Debug;
		};
		DE1F94831BDFF58D00A0974E /* Release */ = {
			isa = XCBuildConfiguration;
			buildSettings = {
				ALWAYS_SEARCH_USER_PATHS = NO;
				CLANG_CXX_LANGUAGE_STANDARD = "gnu++0x";
				CLANG_CXX_LIBRARY = "libc++";
				CLANG_ENABLE_MODULES = YES;
				CLANG_ENABLE_OBJC_ARC = YES;
				CLANG_WARN_BOOL_CONVERSION = YES;
				CLANG_WARN_CONSTANT_CONVERSION = YES;
				CLANG_WARN_DIRECT_OBJC_ISA_USAGE = YES_ERROR;
				CLANG_WARN_EMPTY_BODY = YES;
				CLANG_WARN_ENUM_CONVERSION = YES;
				CLANG_WARN_INT_CONVERSION = YES;
				CLANG_WARN_OBJC_ROOT_CLASS = YES_ERROR;
				CLANG_WARN_UNREACHABLE_CODE = YES;
				CLANG_WARN__DUPLICATE_METHOD_MATCH = YES;
				"CODE_SIGN_IDENTITY[sdk=iphoneos*]" = "iPhone Developer";
				COPY_PHASE_STRIP = NO;
				DEBUG_INFORMATION_FORMAT = "dwarf-with-dsym";
				ENABLE_NS_ASSERTIONS = NO;
				ENABLE_STRICT_OBJC_MSGSEND = YES;
				GCC_C_LANGUAGE_STANDARD = gnu99;
				GCC_NO_COMMON_BLOCKS = YES;
				GCC_WARN_64_TO_32_BIT_CONVERSION = YES;
				GCC_WARN_ABOUT_RETURN_TYPE = YES_ERROR;
				GCC_WARN_UNDECLARED_SELECTOR = YES;
				GCC_WARN_UNINITIALIZED_AUTOS = YES_AGGRESSIVE;
				GCC_WARN_UNUSED_FUNCTION = YES;
				GCC_WARN_UNUSED_VARIABLE = YES;
				IPHONEOS_DEPLOYMENT_TARGET = 9.0;
				MTL_ENABLE_DEBUG_INFO = NO;
				SDKROOT = iphoneos;
				TARGETED_DEVICE_FAMILY = "1,2";
				VALIDATE_PRODUCT = YES;
			};
			name = Release;
		};
		DE1F94851BDFF58D00A0974E /* Debug */ = {
			isa = XCBuildConfiguration;
			buildSettings = {
				ASSETCATALOG_COMPILER_APPICON_NAME = AppIcon;
				CODE_SIGN_IDENTITY = "iPhone Developer";
				INFOPLIST_FILE = "EDGE App/Info.plist";
				LD_RUNPATH_SEARCH_PATHS = "$(inherited) @executable_path/Frameworks";
				PRODUCT_BUNDLE_IDENTIFIER = "WPI.EDGE-App";
				PRODUCT_NAME = "$(TARGET_NAME)";
				TARGETED_DEVICE_FAMILY = 1;
			};
			name = Debug;
		};
		DE1F94861BDFF58D00A0974E /* Release */ = {
			isa = XCBuildConfiguration;
			buildSettings = {
				ASSETCATALOG_COMPILER_APPICON_NAME = AppIcon;
				CODE_SIGN_IDENTITY = "iPhone Developer";
				INFOPLIST_FILE = "EDGE App/Info.plist";
				LD_RUNPATH_SEARCH_PATHS = "$(inherited) @executable_path/Frameworks";
				PRODUCT_BUNDLE_IDENTIFIER = "WPI.EDGE-App";
				PRODUCT_NAME = "$(TARGET_NAME)";
				TARGETED_DEVICE_FAMILY = 1;
			};
			name = Release;
		};
		DE1F94881BDFF58D00A0974E /* Debug */ = {
			isa = XCBuildConfiguration;
			buildSettings = {
				BUNDLE_LOADER = "$(TEST_HOST)";
				INFOPLIST_FILE = "EDGE AppTests/Info.plist";
				LD_RUNPATH_SEARCH_PATHS = "$(inherited) @executable_path/Frameworks @loader_path/Frameworks";
				PRODUCT_BUNDLE_IDENTIFIER = "WPI.EDGE-AppTests";
				PRODUCT_NAME = "$(TARGET_NAME)";
				TEST_HOST = "$(BUILT_PRODUCTS_DIR)/EDGE App.app/EDGE App";
			};
			name = Debug;
		};
		DE1F94891BDFF58D00A0974E /* Release */ = {
			isa = XCBuildConfiguration;
			buildSettings = {
				BUNDLE_LOADER = "$(TEST_HOST)";
				INFOPLIST_FILE = "EDGE AppTests/Info.plist";
				LD_RUNPATH_SEARCH_PATHS = "$(inherited) @executable_path/Frameworks @loader_path/Frameworks";
				PRODUCT_BUNDLE_IDENTIFIER = "WPI.EDGE-AppTests";
				PRODUCT_NAME = "$(TARGET_NAME)";
				TEST_HOST = "$(BUILT_PRODUCTS_DIR)/EDGE App.app/EDGE App";
			};
			name = Release;
		};
		DE1F948B1BDFF58D00A0974E /* Debug */ = {
			isa = XCBuildConfiguration;
			buildSettings = {
				INFOPLIST_FILE = "EDGE AppUITests/Info.plist";
				LD_RUNPATH_SEARCH_PATHS = "$(inherited) @executable_path/Frameworks @loader_path/Frameworks";
				PRODUCT_BUNDLE_IDENTIFIER = "WPI.EDGE-AppUITests";
				PRODUCT_NAME = "$(TARGET_NAME)";
				TEST_TARGET_NAME = "EDGE App";
				USES_XCTRUNNER = YES;
			};
			name = Debug;
		};
		DE1F948C1BDFF58D00A0974E /* Release */ = {
			isa = XCBuildConfiguration;
			buildSettings = {
				INFOPLIST_FILE = "EDGE AppUITests/Info.plist";
				LD_RUNPATH_SEARCH_PATHS = "$(inherited) @executable_path/Frameworks @loader_path/Frameworks";
				PRODUCT_BUNDLE_IDENTIFIER = "WPI.EDGE-AppUITests";
				PRODUCT_NAME = "$(TARGET_NAME)";
				TEST_TARGET_NAME = "EDGE App";
				USES_XCTRUNNER = YES;
			};
			name = Release;
		};
/* End XCBuildConfiguration section */

/* Begin XCConfigurationList section */
		DE1F94571BDFF58D00A0974E /* Build configuration list for PBXProject "EDGE App" */ = {
			isa = XCConfigurationList;
			buildConfigurations = (
				DE1F94821BDFF58D00A0974E /* Debug */,
				DE1F94831BDFF58D00A0974E /* Release */,
			);
			defaultConfigurationIsVisible = 0;
			defaultConfigurationName = Release;
		};
		DE1F94841BDFF58D00A0974E /* Build configuration list for PBXNativeTarget "EDGE App" */ = {
			isa = XCConfigurationList;
			buildConfigurations = (
				DE1F94851BDFF58D00A0974E /* Debug */,
				DE1F94861BDFF58D00A0974E /* Release */,
			);
			defaultConfigurationIsVisible = 0;
			defaultConfigurationName = Release;
		};
		DE1F94871BDFF58D00A0974E /* Build configuration list for PBXNativeTarget "EDGE AppTests" */ = {
			isa = XCConfigurationList;
			buildConfigurations = (
				DE1F94881BDFF58D00A0974E /* Debug */,
				DE1F94891BDFF58D00A0974E /* Release */,
			);
			defaultConfigurationIsVisible = 0;
			defaultConfigurationName = Release;
		};
		DE1F948A1BDFF58D00A0974E /* Build configuration list for PBXNativeTarget "EDGE AppUITests" */ = {
			isa = XCConfigurationList;
			buildConfigurations = (
				DE1F948B1BDFF58D00A0974E /* Debug */,
				DE1F948C1BDFF58D00A0974E /* Release */,
			);
			defaultConfigurationIsVisible = 0;
			defaultConfigurationName = Release;
		};
/* End XCConfigurationList section */
	};
	rootObject = DE1F94541BDFF58D00A0974E /* Project object */;
}
